
Microsoft Visual Studio Solution File, Format Version 12.00
# Visual Studio 15
VisualStudioVersion = 15.0.27428.2005
MinimumVisualStudioVersion = 10.0.40219.1
Project("{9A19103F-16F7-4668-BE54-9A1E7A4F7556}") = "Sealbreaker", "Sealbreaker\Sealbreaker.csproj", "{EE2F5968-CDE6-4878-B2AF-4F3A7D422517}"
EndProject
Project("{2150E333-8FDC-42A3-9474-1A3956D46DE8}") = ".nuget", ".nuget", "{BD475E61-7579-409D-A96E-3396C173890F}"
	ProjectSection(SolutionItems) = preProject
		NuGet.config = NuGet.config
	EndProjectSection
EndProject
Project("{2150E333-8FDC-42A3-9474-1A3956D46DE8}") = "1. Core", "1. Core", "{19FF8C2F-BEE7-48D9-9B4D-5C9CE9643590}"
EndProject
Global
	GlobalSection(SolutionConfigurationPlatforms) = preSolution
		Debug|Any CPU = Debug|Any CPU
		Release|Any CPU = Release|Any CPU
	EndGlobalSection
	GlobalSection(ProjectConfigurationPlatforms) = postSolution
		{EE2F5968-CDE6-4878-B2AF-4F3A7D422517}.Debug|Any CPU.ActiveCfg = Debug|Any CPU
		{EE2F5968-CDE6-4878-B2AF-4F3A7D422517}.Debug|Any CPU.Build.0 = Debug|Any CPU
		{EE2F5968-CDE6-4878-B2AF-4F3A7D422517}.Release|Any CPU.ActiveCfg = Release|Any CPU
		{EE2F5968-CDE6-4878-B2AF-4F3A7D422517}.Release|Any CPU.Build.0 = Release|Any CPU
	EndGlobalSection
	GlobalSection(SolutionProperties) = preSolution
		HideSolutionNode = FALSE
	EndGlobalSection
	GlobalSection(NestedProjects) = preSolution
		{EE2F5968-CDE6-4878-B2AF-4F3A7D422517} = {19FF8C2F-BEE7-48D9-9B4D-5C9CE9643590}
	EndGlobalSection
	GlobalSection(ExtensibilityGlobals) = postSolution
		SolutionGuid = {BAE82957-F4B9-47A5-B89C-B1221DC89CF7}
	EndGlobalSection
EndGlobal
